
Microsoft Visual Studio Solution File, Format Version 12.00
# Visual Studio Version 16
VisualStudioVersion = 16.0.31911.196
MinimumVisualStudioVersion = 10.0.40219.1
Project("{FAE04EC0-301F-11D3-BF4B-00C04F79EFBC}") = "ReMouse.Shared", "ReMouse.Shared\ReMouse.Shared.csproj", "{84AAD2BA-9BCB-4BD9-8CFF-3E058B405322}"
EndProject
Project("{9A19103F-16F7-4668-BE54-9A1E7A4F7556}") = "ReMouse.WPF", "ReMouse.WPF\ReMouse.WPF.csproj", "{1A1C1920-04AA-4F4C-A4B8-570B13CDAD61}"
EndProject
Project("{FAE04EC0-301F-11D3-BF4B-00C04F79EFBC}") = "ReMouse.Phone.Android", "ReMouse.Phone\ReMouse.Phone.Android\ReMouse.Phone.Android.csproj", "{A5632456-DF4D-44C3-B562-88206DFDD568}"
EndProject
Project("{FAE04EC0-301F-11D3-BF4B-00C04F79EFBC}") = "ReMouse.Phone.iOS", "ReMouse.Phone\ReMouse.Phone.iOS\ReMouse.Phone.iOS.csproj", "{6B2F0910-D996-4C9E-9FCF-439C6B283C6D}"
EndProject
Project("{FAE04EC0-301F-11D3-BF4B-00C04F79EFBC}") = "ReMouse.Phone", "ReMouse.Phone\ReMouse.Phone\ReMouse.Phone.csproj", "{E75AB70B-0491-4B5C-8210-F704EF65674E}"
EndProject
Global
	GlobalSection(SolutionConfigurationPlatforms) = preSolution
		Debug|Any CPU = Debug|Any CPU
		Debug|iPhone = Debug|iPhone
		Debug|iPhoneSimulator = Debug|iPhoneSimulator
		Release|Any CPU = Release|Any CPU
		Release|iPhone = Release|iPhone
		Release|iPhoneSimulator = Release|iPhoneSimulator
	EndGlobalSection
	GlobalSection(ProjectConfigurationPlatforms) = postSolution
		{84AAD2BA-9BCB-4BD9-8CFF-3E058B405322}.Debug|Any CPU.ActiveCfg = Debug|Any CPU
		{84AAD2BA-9BCB-4BD9-8CFF-3E058B405322}.Debug|Any CPU.Build.0 = Debug|Any CPU
		{84AAD2BA-9BCB-4BD9-8CFF-3E058B405322}.Debug|iPhone.ActiveCfg = Debug|Any CPU
		{84AAD2BA-9BCB-4BD9-8CFF-3E058B405322}.Debug|iPhone.Build.0 = Debug|Any CPU
		{84AAD2BA-9BCB-4BD9-8CFF-3E058B405322}.Debug|iPhoneSimulator.ActiveCfg = Debug|Any CPU
		{84AAD2BA-9BCB-4BD9-8CFF-3E058B405322}.Debug|iPhoneSimulator.Build.0 = Debug|Any CPU
		{84AAD2BA-9BCB-4BD9-8CFF-3E058B405322}.Release|Any CPU.ActiveCfg = Release|Any CPU
		{84AAD2BA-9BCB-4BD9-8CFF-3E058B405322}.Release|Any CPU.Build.0 = Release|Any CPU
		{84AAD2BA-9BCB-4BD9-8CFF-3E058B405322}.Release|iPhone.ActiveCfg = Release|Any CPU
		{84AAD2BA-9BCB-4BD9-8CFF-3E058B405322}.Release|iPhone.Build.0 = Release|Any CPU
		{84AAD2BA-9BCB-4BD9-8CFF-3E058B405322}.Release|iPhoneSimulator.ActiveCfg = Release|Any CPU
		{84AAD2BA-9BCB-4BD9-8CFF-3E058B405322}.Release|iPhoneSimulator.Build.0 = Release|Any CPU
		{1A1C1920-04AA-4F4C-A4B8-570B13CDAD61}.Debug|Any CPU.ActiveCfg = Debug|Any CPU
		{1A1C1920-04AA-4F4C-A4B8-570B13CDAD61}.Debug|Any CPU.Build.0 = Debug|Any CPU
		{1A1C1920-04AA-4F4C-A4B8-570B13CDAD61}.Debug|iPhone.ActiveCfg = Debug|Any CPU
		{1A1C1920-04AA-4F4C-A4B8-570B13CDAD61}.Debug|iPhone.Build.0 = Debug|Any CPU
		{1A1C1920-04AA-4F4C-A4B8-570B13CDAD61}.Debug|iPhoneSimulator.ActiveCfg = Debug|Any CPU
		{1A1C1920-04AA-4F4C-A4B8-570B13CDAD61}.Debug|iPhoneSimulator.Build.0 = Debug|Any CPU
		{1A1C1920-04AA-4F4C-A4B8-570B13CDAD61}.Release|Any CPU.ActiveCfg = Release|Any CPU
		{1A1C1920-04AA-4F4C-A4B8-570B13CDAD61}.Release|Any CPU.Build.0 = Release|Any CPU
		{1A1C1920-04AA-4F4C-A4B8-570B13CDAD61}.Release|iPhone.ActiveCfg = Release|Any CPU
		{1A1C1920-04AA-4F4C-A4B8-570B13CDAD61}.Release|iPhone.Build.0 = Release|Any CPU
		{1A1C1920-04AA-4F4C-A4B8-570B13CDAD61}.Release|iPhoneSimulator.ActiveCfg = Release|Any CPU
		{1A1C1920-04AA-4F4C-A4B8-570B13CDAD61}.Release|iPhoneSimulator.Build.0 = Release|Any CPU
		{A5632456-DF4D-44C3-B562-88206DFDD568}.Debug|Any CPU.ActiveCfg = Debug|Any CPU
		{A5632456-DF4D-44C3-B562-88206DFDD568}.Debug|Any CPU.Build.0 = Debug|Any CPU
		{A5632456-DF4D-44C3-B562-88206DFDD568}.Debug|Any CPU.Deploy.0 = Debug|Any CPU
		{A5632456-DF4D-44C3-B562-88206DFDD568}.Debug|iPhone.ActiveCfg = Debug|Any CPU
		{A5632456-DF4D-44C3-B562-88206DFDD568}.Debug|iPhone.Build.0 = Debug|Any CPU
		{A5632456-DF4D-44C3-B562-88206DFDD568}.Debug|iPhone.Deploy.0 = Debug|Any CPU
		{A5632456-DF4D-44C3-B562-88206DFDD568}.Debug|iPhoneSimulator.ActiveCfg = Debug|Any CPU
		{A5632456-DF4D-44C3-B562-88206DFDD568}.Debug|iPhoneSimulator.Build.0 = Debug|Any CPU
		{A5632456-DF4D-44C3-B562-88206DFDD568}.Debug|iPhoneSimulator.Deploy.0 = Debug|Any CPU
		{A5632456-DF4D-44C3-B562-88206DFDD568}.Release|Any CPU.ActiveCfg = Release|Any CPU
		{A5632456-DF4D-44C3-B562-88206DFDD568}.Release|Any CPU.Build.0 = Release|Any CPU
		{A5632456-DF4D-44C3-B562-88206DFDD568}.Release|Any CPU.Deploy.0 = Release|Any CPU
		{A5632456-DF4D-44C3-B562-88206DFDD568}.Release|iPhone.ActiveCfg = Release|Any CPU
		{A5632456-DF4D-44C3-B562-88206DFDD568}.Release|iPhone.Build.0 = Release|Any CPU
		{A5632456-DF4D-44C3-B562-88206DFDD568}.Release|iPhone.Deploy.0 = Release|Any CPU
		{A5632456-DF4D-44C3-B562-88206DFDD568}.Release|iPhoneSimulator.ActiveCfg = Release|Any CPU
		{A5632456-DF4D-44C3-B562-88206DFDD568}.Release|iPhoneSimulator.Build.0 = Release|Any CPU
		{A5632456-DF4D-44C3-B562-88206DFDD568}.Release|iPhoneSimulator.Deploy.0 = Release|Any CPU
		{6B2F0910-D996-4C9E-9FCF-439C6B283C6D}.Debug|Any CPU.ActiveCfg = Debug|iPhoneSimulator
		{6B2F0910-D996-4C9E-9FCF-439C6B283C6D}.Debug|iPhone.ActiveCfg = Debug|iPhone
		{6B2F0910-D996-4C9E-9FCF-439C6B283C6D}.Debug|iPhone.Build.0 = Debug|iPhone
		{6B2F0910-D996-4C9E-9FCF-439C6B283C6D}.Debug|iPhoneSimulator.ActiveCfg = Debug|iPhoneSimulator
		{6B2F0910-D996-4C9E-9FCF-439C6B283C6D}.Debug|iPhoneSimulator.Build.0 = Debug|iPhoneSimulator
		{6B2F0910-D996-4C9E-9FCF-439C6B283C6D}.Release|Any CPU.ActiveCfg = Release|iPhoneSimulator
		{6B2F0910-D996-4C9E-9FCF-439C6B283C6D}.Release|iPhone.ActiveCfg = Release|iPhone
		{6B2F0910-D996-4C9E-9FCF-439C6B283C6D}.Release|iPhone.Build.0 = Release|iPhone
		{6B2F0910-D996-4C9E-9FCF-439C6B283C6D}.Release|iPhoneSimulator.ActiveCfg = Release|iPhoneSimulator
		{6B2F0910-D996-4C9E-9FCF-439C6B283C6D}.Release|iPhoneSimulator.Build.0 = Release|iPhoneSimulator
		{E75AB70B-0491-4B5C-8210-F704EF65674E}.Debug|Any CPU.ActiveCfg = Debug|Any CPU
		{E75AB70B-0491-4B5C-8210-F704EF65674E}.Debug|Any CPU.Build.0 = Debug|Any CPU
		{E75AB70B-0491-4B5C-8210-F704EF65674E}.Debug|iPhone.ActiveCfg = Debug|Any CPU
		{E75AB70B-0491-4B5C-8210-F704EF65674E}.Debug|iPhone.Build.0 = Debug|Any CPU
		{E75AB70B-0491-4B5C-8210-F704EF65674E}.Debug|iPhoneSimulator.ActiveCfg = Debug|Any CPU
		{E75AB70B-0491-4B5C-8210-F704EF65674E}.Debug|iPhoneSimulator.Build.0 = Debug|Any CPU
		{E75AB70B-0491-4B5C-8210-F704EF65674E}.Release|Any CPU.ActiveCfg = Release|Any CPU
		{E75AB70B-0491-4B5C-8210-F704EF65674E}.Release|Any CPU.Build.0 = Release|Any CPU
		{E75AB70B-0491-4B5C-8210-F704EF65674E}.Release|iPhone.ActiveCfg = Release|Any CPU
		{E75AB70B-0491-4B5C-8210-F704EF65674E}.Release|iPhone.Build.0 = Release|Any CPU
		{E75AB70B-0491-4B5C-8210-F704EF65674E}.Release|iPhoneSimulator.ActiveCfg = Release|Any CPU
		{E75AB70B-0491-4B5C-8210-F704EF65674E}.Release|iPhoneSimulator.Build.0 = Release|Any CPU
	EndGlobalSection
	GlobalSection(SolutionProperties) = preSolution
		HideSolutionNode = FALSE
	EndGlobalSection
	GlobalSection(ExtensibilityGlobals) = postSolution
		SolutionGuid = {6B9F8109-9702-4B29-909F-D31134791B71}
	EndGlobalSection
EndGlobal
